{
  "originHash" : "058e5e6f32231fc939f6cd8b442c471ebfc41c85b4635504fbfa64a86e683d90",
  "pins" : [
    {
      "identity" : "appfoundations",
      "kind" : "remoteSourceControl",
      "location" : "https://github.com/mpdifran/AppFoundations.git",
      "state" : {
        "revision" : "bbdb9e848abdfed815425f4f10c91e0a466979e9",
        "version" : "0.1.6"
      }
    },
    {
      "identity" : "appui",
      "kind" : "remoteSourceControl",
      "location" : "https://github.com/mpdifran/AppUI",
      "state" : {
        "revision" : "b0240228ffe0d2a0c834e3e26b5848d41638645a",
        "version" : "2.0.3"
      }
    },
    {
      "identity" : "bugsnag-cocoa",
      "kind" : "remoteSourceControl",
      "location" : "https://github.com/bugsnag/bugsnag-cocoa",
      "state" : {
        "revision" : "f4348c29cc881ce80e4e22a46f29d7f5a18e924b",
        "version" : "6.34.1"
      }
    },
    {
      "identity" : "valet",
      "kind" : "remoteSourceControl",
      "location" : "https://github.com/Square/Valet",
      "state" : {
        "revision" : "246baf6be3f9e3ff116dc05251a08f69dd7c7b9d",
        "version" : "5.1.0"
      }
    }
  ],
  "version" : 3
}
