// !$*UTF8*$!
{
	archiveVersion = 1;
	classes = {
	};
	objectVersion = 56;
	objects = {

/* Begin PBXBuildFile section */
		FF648BE32BDEA51200963820 /* View+RoundedBackground.swift in Sources */ = {isa = PBXBuildFile; fileRef = FF648BE22BDEA51200963820 /* View+RoundedBackground.swift */; };
		FFACBADD2BAC7788006AAD0B /* SupplementsApp.swift in Sources */ = {isa = PBXBuildFile; fileRef = FFACBADC2BAC7788006AAD0B /* SupplementsApp.swift */; };
		FFACBADF2BAC7788006AAD0B /* ContentView.swift in Sources */ = {isa = PBXBuildFile; fileRef = FFACBADE2BAC7788006AAD0B /* ContentView.swift */; };
		FFACBAE12BAC778A006AAD0B /* Assets.xcassets in Resources */ = {isa = PBXBuildFile; fileRef = FFACBAE02BAC778A006AAD0B /* Assets.xcassets */; };
		FFACBAE42BAC778A006AAD0B /* Preview Assets.xcassets in Resources */ = {isa = PBXBuildFile; fileRef = FFACBAE32BAC778A006AAD0B /* Preview Assets.xcassets */; };
		FFB4444F2BEC3B0600486AD7 /* ChatBubbleCell.swift in Sources */ = {isa = PBXBuildFile; fileRef = FFB444492BEC3B0600486AD7 /* ChatBubbleCell.swift */; };
		FFB444502BEC3B0600486AD7 /* ChatGameInviteCell.swift in Sources */ = {isa = PBXBuildFile; fileRef = FFB4444A2BEC3B0600486AD7 /* ChatGameInviteCell.swift */; };
		FFB444512BEC3B0600486AD7 /* TypingIndicatorCell.swift in Sources */ = {isa = PBXBuildFile; fileRef = FFB4444B2BEC3B0600486AD7 /* TypingIndicatorCell.swift */; };
		FFB444522BEC3B0600486AD7 /* ChatBubbleShape.swift in Sources */ = {isa = PBXBuildFile; fileRef = FFB4444C2BEC3B0600486AD7 /* ChatBubbleShape.swift */; };
		FFB444532BEC3B0600486AD7 /* ChatBubble.swift in Sources */ = {isa = PBXBuildFile; fileRef = FFB4444D2BEC3B0600486AD7 /* ChatBubble.swift */; };
		FFB444542BEC3B0600486AD7 /* ChatEmojiCell.swift in Sources */ = {isa = PBXBuildFile; fileRef = FFB4444E2BEC3B0600486AD7 /* ChatEmojiCell.swift */; };
		FFB444582BEC410B00486AD7 /* HealthManager.swift in Sources */ = {isa = PBXBuildFile; fileRef = FFB444572BEC410B00486AD7 /* HealthManager.swift */; };
		FFB4445B2BEC4C4C00486AD7 /* ChatRequestModel.swift in Sources */ = {isa = PBXBuildFile; fileRef = FFB4445A2BEC4C4C00486AD7 /* ChatRequestModel.swift */; };
		FFB4445D2BEC4CAB00486AD7 /* Codable+Constants.swift in Sources */ = {isa = PBXBuildFile; fileRef = FFB4445C2BEC4CAB00486AD7 /* Codable+Constants.swift */; };
		FFB444602BEC4CC500486AD7 /* NetworkRequester.swift in Sources */ = {isa = PBXBuildFile; fileRef = FFB4445F2BEC4CC500486AD7 /* NetworkRequester.swift */; };
		FFB444622BEC4E8A00486AD7 /* ChatViewModel.swift in Sources */ = {isa = PBXBuildFile; fileRef = FFB444612BEC4E8A00486AD7 /* ChatViewModel.swift */; };
		FFB444642BEC526B00486AD7 /* ChatResponseModel.swift in Sources */ = {isa = PBXBuildFile; fileRef = FFB444632BEC526B00486AD7 /* ChatResponseModel.swift */; };
		FFB444662BEC52E600486AD7 /* ChatMessage.swift in Sources */ = {isa = PBXBuildFile; fileRef = FFB444652BEC52E600486AD7 /* ChatMessage.swift */; };
		FFD8C4D32BD1AC5E001E8D42 /* AppUI in Frameworks */ = {isa = PBXBuildFile; productRef = FFD8C4D22BD1AC5E001E8D42 /* AppUI */; };
/* End PBXBuildFile section */

/* Begin PBXFileReference section */
		FF23333E2BD855ED007A5CBB /* Info.plist */ = {isa = PBXFileReference; lastKnownFileType = text.plist; path = Info.plist; sourceTree = "<group>"; };
		FF648BE22BDEA51200963820 /* View+RoundedBackground.swift */ = {isa = PBXFileReference; lastKnownFileType = sourcecode.swift; path = "View+RoundedBackground.swift"; sourceTree = "<group>"; };
		FFACBAD92BAC7788006AAD0B /* Supplements.app */ = {isa = PBXFileReference; explicitFileType = wrapper.application; includeInIndex = 0; path = Supplements.app; sourceTree = BUILT_PRODUCTS_DIR; };
		FFACBADC2BAC7788006AAD0B /* SupplementsApp.swift */ = {isa = PBXFileReference; lastKnownFileType = sourcecode.swift; path = SupplementsApp.swift; sourceTree = "<group>"; };
		FFACBADE2BAC7788006AAD0B /* ContentView.swift */ = {isa = PBXFileReference; lastKnownFileType = sourcecode.swift; path = ContentView.swift; sourceTree = "<group>"; };
		FFACBAE02BAC778A006AAD0B /* Assets.xcassets */ = {isa = PBXFileReference; lastKnownFileType = folder.assetcatalog; path = Assets.xcassets; sourceTree = "<group>"; };
		FFACBAE32BAC778A006AAD0B /* Preview Assets.xcassets */ = {isa = PBXFileReference; lastKnownFileType = folder.assetcatalog; path = "Preview Assets.xcassets"; sourceTree = "<group>"; };
		FFB444492BEC3B0600486AD7 /* ChatBubbleCell.swift */ = {isa = PBXFileReference; fileEncoding = 4; lastKnownFileType = sourcecode.swift; path = ChatBubbleCell.swift; sourceTree = "<group>"; };
		FFB4444A2BEC3B0600486AD7 /* ChatGameInviteCell.swift */ = {isa = PBXFileReference; fileEncoding = 4; lastKnownFileType = sourcecode.swift; path = ChatGameInviteCell.swift; sourceTree = "<group>"; };
		FFB4444B2BEC3B0600486AD7 /* TypingIndicatorCell.swift */ = {isa = PBXFileReference; fileEncoding = 4; lastKnownFileType = sourcecode.swift; path = TypingIndicatorCell.swift; sourceTree = "<group>"; };
		FFB4444C2BEC3B0600486AD7 /* ChatBubbleShape.swift */ = {isa = PBXFileReference; fileEncoding = 4; lastKnownFileType = sourcecode.swift; path = ChatBubbleShape.swift; sourceTree = "<group>"; };
		FFB4444D2BEC3B0600486AD7 /* ChatBubble.swift */ = {isa = PBXFileReference; fileEncoding = 4; lastKnownFileType = sourcecode.swift; path = ChatBubble.swift; sourceTree = "<group>"; };
		FFB4444E2BEC3B0600486AD7 /* ChatEmojiCell.swift */ = {isa = PBXFileReference; fileEncoding = 4; lastKnownFileType = sourcecode.swift; path = ChatEmojiCell.swift; sourceTree = "<group>"; };
		FFB444552BEC402000486AD7 /* Supplements.entitlements */ = {isa = PBXFileReference; lastKnownFileType = text.plist.entitlements; path = Supplements.entitlements; sourceTree = "<group>"; };
		FFB444572BEC410B00486AD7 /* HealthManager.swift */ = {isa = PBXFileReference; lastKnownFileType = sourcecode.swift; path = HealthManager.swift; sourceTree = "<group>"; };
		FFB4445A2BEC4C4C00486AD7 /* ChatRequestModel.swift */ = {isa = PBXFileReference; lastKnownFileType = sourcecode.swift; path = ChatRequestModel.swift; sourceTree = "<group>"; };
		FFB4445C2BEC4CAB00486AD7 /* Codable+Constants.swift */ = {isa = PBXFileReference; lastKnownFileType = sourcecode.swift; path = "Codable+Constants.swift"; sourceTree = "<group>"; };
		FFB4445F2BEC4CC500486AD7 /* NetworkRequester.swift */ = {isa = PBXFileReference; lastKnownFileType = sourcecode.swift; path = NetworkRequester.swift; sourceTree = "<group>"; };
		FFB444612BEC4E8A00486AD7 /* ChatViewModel.swift */ = {isa = PBXFileReference; lastKnownFileType = sourcecode.swift; path = ChatViewModel.swift; sourceTree = "<group>"; };
		FFB444632BEC526B00486AD7 /* ChatResponseModel.swift */ = {isa = PBXFileReference; lastKnownFileType = sourcecode.swift; path = ChatResponseModel.swift; sourceTree = "<group>"; };
		FFB444652BEC52E600486AD7 /* ChatMessage.swift */ = {isa = PBXFileReference; lastKnownFileType = sourcecode.swift; path = ChatMessage.swift; sourceTree = "<group>"; };
/* End PBXFileReference section */

/* Begin PBXFrameworksBuildPhase section */
		FFACBAD62BAC7788006AAD0B /* Frameworks */ = {
			isa = PBXFrameworksBuildPhase;
			buildActionMask = 2147483647;
			files = (
				FFD8C4D32BD1AC5E001E8D42 /* AppUI in Frameworks */,
			);
			runOnlyForDeploymentPostprocessing = 0;
		};
/* End PBXFrameworksBuildPhase section */

/* Begin PBXGroup section */
		FF648BE12BDEA4F700963820 /* Extensions */ = {
			isa = PBXGroup;
			children = (
				FF648BE22BDEA51200963820 /* View+RoundedBackground.swift */,
				FFB4445C2BEC4CAB00486AD7 /* Codable+Constants.swift */,
			);
			path = Extensions;
			sourceTree = "<group>";
		};
		FFACBAD02BAC7788006AAD0B = {
			isa = PBXGroup;
			children = (
				FFACBADB2BAC7788006AAD0B /* Supplements */,
				FFACBADA2BAC7788006AAD0B /* Products */,
			);
			sourceTree = "<group>";
		};
		FFACBADA2BAC7788006AAD0B /* Products */ = {
			isa = PBXGroup;
			children = (
				FFACBAD92BAC7788006AAD0B /* Supplements.app */,
			);
			name = Products;
			sourceTree = "<group>";
		};
		FFACBADB2BAC7788006AAD0B /* Supplements */ = {
			isa = PBXGroup;
			children = (
				FFB444552BEC402000486AD7 /* Supplements.entitlements */,
				FF23333E2BD855ED007A5CBB /* Info.plist */,
				FFACBADC2BAC7788006AAD0B /* SupplementsApp.swift */,
				FFACBADE2BAC7788006AAD0B /* ContentView.swift */,
				FFB444612BEC4E8A00486AD7 /* ChatViewModel.swift */,
				FFB444652BEC52E600486AD7 /* ChatMessage.swift */,
				FFB4445E2BEC4CB400486AD7 /* Network */,
				FFB444562BEC40FD00486AD7 /* HealthManager */,
				FFB444592BEC4C3D00486AD7 /* Model */,
				FF648BE12BDEA4F700963820 /* Extensions */,
				FFB444482BEC3AD100486AD7 /* ChatUI */,
				FFACBAE02BAC778A006AAD0B /* Assets.xcassets */,
				FFACBAE22BAC778A006AAD0B /* Preview Content */,
			);
			path = Supplements;
			sourceTree = "<group>";
		};
		FFACBAE22BAC778A006AAD0B /* Preview Content */ = {
			isa = PBXGroup;
			children = (
				FFACBAE32BAC778A006AAD0B /* Preview Assets.xcassets */,
			);
			path = "Preview Content";
			sourceTree = "<group>";
		};
		FFB444482BEC3AD100486AD7 /* ChatUI */ = {
			isa = PBXGroup;
			children = (
				FFB4444D2BEC3B0600486AD7 /* ChatBubble.swift */,
				FFB444492BEC3B0600486AD7 /* ChatBubbleCell.swift */,
				FFB4444C2BEC3B0600486AD7 /* ChatBubbleShape.swift */,
				FFB4444E2BEC3B0600486AD7 /* ChatEmojiCell.swift */,
				FFB4444A2BEC3B0600486AD7 /* ChatGameInviteCell.swift */,
				FFB4444B2BEC3B0600486AD7 /* TypingIndicatorCell.swift */,
			);
			path = ChatUI;
			sourceTree = "<group>";
		};
		FFB444562BEC40FD00486AD7 /* HealthManager */ = {
			isa = PBXGroup;
			children = (
				FFB444572BEC410B00486AD7 /* HealthManager.swift */,
			);
			path = HealthManager;
			sourceTree = "<group>";
		};
		FFB444592BEC4C3D00486AD7 /* Model */ = {
			isa = PBXGroup;
			children = (
				FFB4445A2BEC4C4C00486AD7 /* ChatRequestModel.swift */,
				FFB444632BEC526B00486AD7 /* ChatResponseModel.swift */,
			);
			path = Model;
			sourceTree = "<group>";
		};
		FFB4445E2BEC4CB400486AD7 /* Network */ = {
			isa = PBXGroup;
			children = (
				FFB4445F2BEC4CC500486AD7 /* NetworkRequester.swift */,
			);
			path = Network;
			sourceTree = "<group>";
		};
/* End PBXGroup section */

/* Begin PBXNativeTarget section */
		FFACBAD82BAC7788006AAD0B /* Supplements */ = {
			isa = PBXNativeTarget;
			buildConfigurationList = FFACBAE72BAC778A006AAD0B /* Build configuration list for PBXNativeTarget "Supplements" */;
			buildPhases = (
				FFACBAD52BAC7788006AAD0B /* Sources */,
				FFACBAD62BAC7788006AAD0B /* Frameworks */,
				FFACBAD72BAC7788006AAD0B /* Resources */,
			);
			buildRules = (
			);
			dependencies = (
			);
			name = Supplements;
			packageProductDependencies = (
				FFD8C4D22BD1AC5E001E8D42 /* AppUI */,
			);
			productName = Supplements;
			productReference = FFACBAD92BAC7788006AAD0B /* Supplements.app */;
			productType = "com.apple.product-type.application";
		};
/* End PBXNativeTarget section */

/* Begin PBXProject section */
		FFACBAD12BAC7788006AAD0B /* Project object */ = {
			isa = PBXProject;
			attributes = {
				BuildIndependentTargetsInParallel = 1;
				LastSwiftUpdateCheck = 1530;
				LastUpgradeCheck = 1530;
				TargetAttributes = {
					FFACBAD82BAC7788006AAD0B = {
						CreatedOnToolsVersion = 15.3;
					};
				};
			};
			buildConfigurationList = FFACBAD42BAC7788006AAD0B /* Build configuration list for PBXProject "Supplements" */;
			compatibilityVersion = "Xcode 14.0";
			developmentRegion = en;
			hasScannedForEncodings = 0;
			knownRegions = (
				en,
				Base,
			);
			mainGroup = FFACBAD02BAC7788006AAD0B;
			packageReferences = (
				FFD8C4D12BD1AC5E001E8D42 /* XCRemoteSwiftPackageReference "AppUI" */,
			);
			productRefGroup = FFACBADA2BAC7788006AAD0B /* Products */;
			projectDirPath = "";
			projectRoot = "";
			targets = (
				FFACBAD82BAC7788006AAD0B /* Supplements */,
			);
		};
/* End PBXProject section */

/* Begin PBXResourcesBuildPhase section */
		FFACBAD72BAC7788006AAD0B /* Resources */ = {
			isa = PBXResourcesBuildPhase;
			buildActionMask = 2147483647;
			files = (
				FFACBAE42BAC778A006AAD0B /* Preview Assets.xcassets in Resources */,
				FFACBAE12BAC778A006AAD0B /* Assets.xcassets in Resources */,
			);
			runOnlyForDeploymentPostprocessing = 0;
		};
/* End PBXResourcesBuildPhase section */

/* Begin PBXSourcesBuildPhase section */
		FFACBAD52BAC7788006AAD0B /* Sources */ = {
			isa = PBXSourcesBuildPhase;
			buildActionMask = 2147483647;
			files = (
				FFB4445B2BEC4C4C00486AD7 /* ChatRequestModel.swift in Sources */,
				FFB444662BEC52E600486AD7 /* ChatMessage.swift in Sources */,
				FFB444542BEC3B0600486AD7 /* ChatEmojiCell.swift in Sources */,
				FF648BE32BDEA51200963820 /* View+RoundedBackground.swift in Sources */,
				FFB4445D2BEC4CAB00486AD7 /* Codable+Constants.swift in Sources */,
				FFB444602BEC4CC500486AD7 /* NetworkRequester.swift in Sources */,
				FFB444502BEC3B0600486AD7 /* ChatGameInviteCell.swift in Sources */,
				FFB444642BEC526B00486AD7 /* ChatResponseModel.swift in Sources */,
				FFB444532BEC3B0600486AD7 /* ChatBubble.swift in Sources */,
				FFACBADF2BAC7788006AAD0B /* ContentView.swift in Sources */,
				FFB444622BEC4E8A00486AD7 /* ChatViewModel.swift in Sources */,
				FFB4444F2BEC3B0600486AD7 /* ChatBubbleCell.swift in Sources */,
				FFB444522BEC3B0600486AD7 /* ChatBubbleShape.swift in Sources */,
				FFB444512BEC3B0600486AD7 /* TypingIndicatorCell.swift in Sources */,
				FFACBADD2BAC7788006AAD0B /* SupplementsApp.swift in Sources */,
				FFB444582BEC410B00486AD7 /* HealthManager.swift in Sources */,
			);
			runOnlyForDeploymentPostprocessing = 0;
		};
/* End PBXSourcesBuildPhase section */

/* Begin XCBuildConfiguration section */
		FFACBAE52BAC778A006AAD0B /* Debug */ = {
			isa = XCBuildConfiguration;
			buildSettings = {
				ALWAYS_SEARCH_USER_PATHS = NO;
				ASSETCATALOG_COMPILER_GENERATE_SWIFT_ASSET_SYMBOL_EXTENSIONS = YES;
				CLANG_ANALYZER_NONNULL = YES;
				CLANG_ANALYZER_NUMBER_OBJECT_CONVERSION = YES_AGGRESSIVE;
				CLANG_CXX_LANGUAGE_STANDARD = "gnu++20";
				CLANG_ENABLE_MODULES = YES;
				CLANG_ENABLE_OBJC_ARC = YES;
				CLANG_ENABLE_OBJC_WEAK = YES;
				CLANG_WARN_BLOCK_CAPTURE_AUTORELEASING = YES;
				CLANG_WARN_BOOL_CONVERSION = YES;
				CLANG_WARN_COMMA = YES;
				CLANG_WARN_CONSTANT_CONVERSION = YES;
				CLANG_WARN_DEPRECATED_OBJC_IMPLEMENTATIONS = YES;
				CLANG_WARN_DIRECT_OBJC_ISA_USAGE = YES_ERROR;
				CLANG_WARN_DOCUMENTATION_COMMENTS = YES;
				CLANG_WARN_EMPTY_BODY = YES;
				CLANG_WARN_ENUM_CONVERSION = YES;
				CLANG_WARN_INFINITE_RECURSION = YES;
				CLANG_WARN_INT_CONVERSION = YES;
				CLANG_WARN_NON_LITERAL_NULL_CONVERSION = YES;
				CLANG_WARN_OBJC_IMPLICIT_RETAIN_SELF = YES;
				CLANG_WARN_OBJC_LITERAL_CONVERSION = YES;
				CLANG_WARN_OBJC_ROOT_CLASS = YES_ERROR;
				CLANG_WARN_QUOTED_INCLUDE_IN_FRAMEWORK_HEADER = YES;
				CLANG_WARN_RANGE_LOOP_ANALYSIS = YES;
				CLANG_WARN_STRICT_PROTOTYPES = YES;
				CLANG_WARN_SUSPICIOUS_MOVE = YES;
				CLANG_WARN_UNGUARDED_AVAILABILITY = YES_AGGRESSIVE;
				CLANG_WARN_UNREACHABLE_CODE = YES;
				CLANG_WARN__DUPLICATE_METHOD_MATCH = YES;
				COPY_PHASE_STRIP = NO;
				DEBUG_INFORMATION_FORMAT = dwarf;
				ENABLE_STRICT_OBJC_MSGSEND = YES;
				ENABLE_TESTABILITY = YES;
				ENABLE_USER_SCRIPT_SANDBOXING = YES;
				GCC_C_LANGUAGE_STANDARD = gnu17;
				GCC_DYNAMIC_NO_PIC = NO;
				GCC_NO_COMMON_BLOCKS = YES;
				GCC_OPTIMIZATION_LEVEL = 0;
				GCC_PREPROCESSOR_DEFINITIONS = (
					"DEBUG=1",
					"$(inherited)",
				);
				GCC_WARN_64_TO_32_BIT_CONVERSION = YES;
				GCC_WARN_ABOUT_RETURN_TYPE = YES_ERROR;
				GCC_WARN_UNDECLARED_SELECTOR = YES;
				GCC_WARN_UNINITIALIZED_AUTOS = YES_AGGRESSIVE;
				GCC_WARN_UNUSED_FUNCTION = YES;
				GCC_WARN_UNUSED_VARIABLE = YES;
				IPHONEOS_DEPLOYMENT_TARGET = 17.4;
				LOCALIZATION_PREFERS_STRING_CATALOGS = YES;
				MTL_ENABLE_DEBUG_INFO = INCLUDE_SOURCE;
				MTL_FAST_MATH = YES;
				ONLY_ACTIVE_ARCH = YES;
				SDKROOT = iphoneos;
				SWIFT_ACTIVE_COMPILATION_CONDITIONS = "DEBUG $(inherited)";
				SWIFT_OPTIMIZATION_LEVEL = "-Onone";
			};
			name = Debug;
		};
		FFACBAE62BAC778A006AAD0B /* Release */ = {
			isa = XCBuildConfiguration;
			buildSettings = {
				ALWAYS_SEARCH_USER_PATHS = NO;
				ASSETCATALOG_COMPILER_GENERATE_SWIFT_ASSET_SYMBOL_EXTENSIONS = YES;
				CLANG_ANALYZER_NONNULL = YES;
				CLANG_ANALYZER_NUMBER_OBJECT_CONVERSION = YES_AGGRESSIVE;
				CLANG_CXX_LANGUAGE_STANDARD = "gnu++20";
				CLANG_ENABLE_MODULES = YES;
				CLANG_ENABLE_OBJC_ARC = YES;
				CLANG_ENABLE_OBJC_WEAK = YES;
				CLANG_WARN_BLOCK_CAPTURE_AUTORELEASING = YES;
				CLANG_WARN_BOOL_CONVERSION = YES;
				CLANG_WARN_COMMA = YES;
				CLANG_WARN_CONSTANT_CONVERSION = YES;
				CLANG_WARN_DEPRECATED_OBJC_IMPLEMENTATIONS = YES;
				CLANG_WARN_DIRECT_OBJC_ISA_USAGE = YES_ERROR;
				CLANG_WARN_DOCUMENTATION_COMMENTS = YES;
				CLANG_WARN_EMPTY_BODY = YES;
				CLANG_WARN_ENUM_CONVERSION = YES;
				CLANG_WARN_INFINITE_RECURSION = YES;
				CLANG_WARN_INT_CONVERSION = YES;
				CLANG_WARN_NON_LITERAL_NULL_CONVERSION = YES;
				CLANG_WARN_OBJC_IMPLICIT_RETAIN_SELF = YES;
				CLANG_WARN_OBJC_LITERAL_CONVERSION = YES;
				CLANG_WARN_OBJC_ROOT_CLASS = YES_ERROR;
				CLANG_WARN_QUOTED_INCLUDE_IN_FRAMEWORK_HEADER = YES;
				CLANG_WARN_RANGE_LOOP_ANALYSIS = YES;
				CLANG_WARN_STRICT_PROTOTYPES = YES;
				CLANG_WARN_SUSPICIOUS_MOVE = YES;
				CLANG_WARN_UNGUARDED_AVAILABILITY = YES_AGGRESSIVE;
				CLANG_WARN_UNREACHABLE_CODE = YES;
				CLANG_WARN__DUPLICATE_METHOD_MATCH = YES;
				COPY_PHASE_STRIP = NO;
				DEBUG_INFORMATION_FORMAT = "dwarf-with-dsym";
				ENABLE_NS_ASSERTIONS = NO;
				ENABLE_STRICT_OBJC_MSGSEND = YES;
				ENABLE_USER_SCRIPT_SANDBOXING = YES;
				GCC_C_LANGUAGE_STANDARD = gnu17;
				GCC_NO_COMMON_BLOCKS = YES;
				GCC_WARN_64_TO_32_BIT_CONVERSION = YES;
				GCC_WARN_ABOUT_RETURN_TYPE = YES_ERROR;
				GCC_WARN_UNDECLARED_SELECTOR = YES;
				GCC_WARN_UNINITIALIZED_AUTOS = YES_AGGRESSIVE;
				GCC_WARN_UNUSED_FUNCTION = YES;
				GCC_WARN_UNUSED_VARIABLE = YES;
				IPHONEOS_DEPLOYMENT_TARGET = 17.4;
				LOCALIZATION_PREFERS_STRING_CATALOGS = YES;
				MTL_ENABLE_DEBUG_INFO = NO;
				MTL_FAST_MATH = YES;
				SDKROOT = iphoneos;
				SWIFT_COMPILATION_MODE = wholemodule;
				VALIDATE_PRODUCT = YES;
			};
			name = Release;
		};
		FFACBAE82BAC778A006AAD0B /* Debug */ = {
			isa = XCBuildConfiguration;
			buildSettings = {
				ASSETCATALOG_COMPILER_APPICON_NAME = AppIcon;
				ASSETCATALOG_COMPILER_GLOBAL_ACCENT_COLOR_NAME = AccentColor;
				CODE_SIGN_ENTITLEMENTS = Supplements/Supplements.entitlements;
				CODE_SIGN_STYLE = Automatic;
				CURRENT_PROJECT_VERSION = 1;
				DEVELOPMENT_ASSET_PATHS = "\"Supplements/Preview Content\"";
				DEVELOPMENT_TEAM = 538R2KUTXD;
				ENABLE_PREVIEWS = YES;
				GENERATE_INFOPLIST_FILE = YES;
				INFOPLIST_FILE = Supplements/Info.plist;
				INFOPLIST_KEY_CFBundleDisplayName = Vitadex;
				INFOPLIST_KEY_NSHealthShareUsageDescription = "Help recommend supplements";
				INFOPLIST_KEY_UIApplicationSceneManifest_Generation = YES;
				INFOPLIST_KEY_UIApplicationSupportsIndirectInputEvents = YES;
				INFOPLIST_KEY_UILaunchScreen_Generation = YES;
				INFOPLIST_KEY_UISupportedInterfaceOrientations_iPad = "UIInterfaceOrientationPortrait UIInterfaceOrientationPortraitUpsideDown UIInterfaceOrientationLandscapeLeft UIInterfaceOrientationLandscapeRight";
				INFOPLIST_KEY_UISupportedInterfaceOrientations_iPhone = "UIInterfaceOrientationPortrait UIInterfaceOrientationLandscapeLeft UIInterfaceOrientationLandscapeRight";
				IPHONEOS_DEPLOYMENT_TARGET = 17.0;
				LD_RUNPATH_SEARCH_PATHS = (
					"$(inherited)",
					"@executable_path/Frameworks",
				);
				MARKETING_VERSION = 1.0;
				PRODUCT_BUNDLE_IDENTIFIER = com.mdfprojects.Supplements;
				PRODUCT_NAME = "$(TARGET_NAME)";
				SWIFT_EMIT_LOC_STRINGS = YES;
				SWIFT_VERSION = 5.0;
				TARGETED_DEVICE_FAMILY = "1,2";
			};
			name = Debug;
		};
		FFACBAE92BAC778A006AAD0B /* Release */ = {
			isa = XCBuildConfiguration;
			buildSettings = {
				ASSETCATALOG_COMPILER_APPICON_NAME = AppIcon;
				ASSETCATALOG_COMPILER_GLOBAL_ACCENT_COLOR_NAME = AccentColor;
				CODE_SIGN_ENTITLEMENTS = Supplements/Supplements.entitlements;
				CODE_SIGN_STYLE = Automatic;
				CURRENT_PROJECT_VERSION = 1;
				DEVELOPMENT_ASSET_PATHS = "\"Supplements/Preview Content\"";
				DEVELOPMENT_TEAM = 538R2KUTXD;
				ENABLE_PREVIEWS = YES;
				GENERATE_INFOPLIST_FILE = YES;
				INFOPLIST_FILE = Supplements/Info.plist;
				INFOPLIST_KEY_CFBundleDisplayName = Vitadex;
				INFOPLIST_KEY_NSHealthShareUsageDescription = "Help recommend supplements";
				INFOPLIST_KEY_UIApplicationSceneManifest_Generation = YES;
				INFOPLIST_KEY_UIApplicationSupportsIndirectInputEvents = YES;
				INFOPLIST_KEY_UILaunchScreen_Generation = YES;
				INFOPLIST_KEY_UISupportedInterfaceOrientations_iPad = "UIInterfaceOrientationPortrait UIInterfaceOrientationPortraitUpsideDown UIInterfaceOrientationLandscapeLeft UIInterfaceOrientationLandscapeRight";
				INFOPLIST_KEY_UISupportedInterfaceOrientations_iPhone = "UIInterfaceOrientationPortrait UIInterfaceOrientationLandscapeLeft UIInterfaceOrientationLandscapeRight";
				IPHONEOS_DEPLOYMENT_TARGET = 17.0;
				LD_RUNPATH_SEARCH_PATHS = (
					"$(inherited)",
					"@executable_path/Frameworks",
				);
				MARKETING_VERSION = 1.0;
				PRODUCT_BUNDLE_IDENTIFIER = com.mdfprojects.Supplements;
				PRODUCT_NAME = "$(TARGET_NAME)";
				SWIFT_EMIT_LOC_STRINGS = YES;
				SWIFT_VERSION = 5.0;
				TARGETED_DEVICE_FAMILY = "1,2";
			};
			name = Release;
		};
/* End XCBuildConfiguration section */

/* Begin XCConfigurationList section */
		FFACBAD42BAC7788006AAD0B /* Build configuration list for PBXProject "Supplements" */ = {
			isa = XCConfigurationList;
			buildConfigurations = (
				FFACBAE52BAC778A006AAD0B /* Debug */,
				FFACBAE62BAC778A006AAD0B /* Release */,
			);
			defaultConfigurationIsVisible = 0;
			defaultConfigurationName = Release;
		};
		FFACBAE72BAC778A006AAD0B /* Build configuration list for PBXNativeTarget "Supplements" */ = {
			isa = XCConfigurationList;
			buildConfigurations = (
				FFACBAE82BAC778A006AAD0B /* Debug */,
				FFACBAE92BAC778A006AAD0B /* Release */,
			);
			defaultConfigurationIsVisible = 0;
			defaultConfigurationName = Release;
		};
/* End XCConfigurationList section */

/* Begin XCRemoteSwiftPackageReference section */
		FFD8C4D12BD1AC5E001E8D42 /* XCRemoteSwiftPackageReference "AppUI" */ = {
			isa = XCRemoteSwiftPackageReference;
			repositoryURL = "https://github.com/mpdifran/AppUI";
			requirement = {
				kind = upToNextMajorVersion;
				minimumVersion = 0.4.2;
			};
		};
/* End XCRemoteSwiftPackageReference section */

/* Begin XCSwiftPackageProductDependency section */
		FFD8C4D22BD1AC5E001E8D42 /* AppUI */ = {
			isa = XCSwiftPackageProductDependency;
			package = FFD8C4D12BD1AC5E001E8D42 /* XCRemoteSwiftPackageReference "AppUI" */;
			productName = AppUI;
		};
/* End XCSwiftPackageProductDependency section */
	};
	rootObject = FFACBAD12BAC7788006AAD0B /* Project object */;
}
