// !$*UTF8*$!
{
	archiveVersion = 1;
	classes = {
	};
	objectVersion = 56;
	objects = {

/* Begin PBXBuildFile section */
		FF648BE32BDEA51200963820 /* View+RoundedBackground.swift in Sources */ = {isa = PBXBuildFile; fileRef = FF648BE22BDEA51200963820 /* View+RoundedBackground.swift */; };
		FF648BE52BDED7CD00963820 /* WheyProteinSupplement.swift in Sources */ = {isa = PBXBuildFile; fileRef = FF648BE42BDED7CD00963820 /* WheyProteinSupplement.swift */; };
		FF648BE72BDED90C00963820 /* CarbohydratesSupplement.swift in Sources */ = {isa = PBXBuildFile; fileRef = FF648BE62BDED90C00963820 /* CarbohydratesSupplement.swift */; };
		FFACBADD2BAC7788006AAD0B /* SupplementsApp.swift in Sources */ = {isa = PBXBuildFile; fileRef = FFACBADC2BAC7788006AAD0B /* SupplementsApp.swift */; };
		FFACBADF2BAC7788006AAD0B /* ContentView.swift in Sources */ = {isa = PBXBuildFile; fileRef = FFACBADE2BAC7788006AAD0B /* ContentView.swift */; };
		FFACBAE12BAC778A006AAD0B /* Assets.xcassets in Resources */ = {isa = PBXBuildFile; fileRef = FFACBAE02BAC778A006AAD0B /* Assets.xcassets */; };
		FFACBAE42BAC778A006AAD0B /* Preview Assets.xcassets in Resources */ = {isa = PBXBuildFile; fileRef = FFACBAE32BAC778A006AAD0B /* Preview Assets.xcassets */; };
		FFD8C4BF2BD19C72001E8D42 /* SupplementModel.swift in Sources */ = {isa = PBXBuildFile; fileRef = FFD8C4BE2BD19C72001E8D42 /* SupplementModel.swift */; };
		FFD8C4C22BD19D19001E8D42 /* CapsaicinSupplement.swift in Sources */ = {isa = PBXBuildFile; fileRef = FFD8C4C12BD19D19001E8D42 /* CapsaicinSupplement.swift */; };
		FFD8C4C42BD19E54001E8D42 /* FocusAreaModel.swift in Sources */ = {isa = PBXBuildFile; fileRef = FFD8C4C32BD19E54001E8D42 /* FocusAreaModel.swift */; };
		FFD8C4C82BD19F41001E8D42 /* MuscleGainAndExercisePerformance.swift in Sources */ = {isa = PBXBuildFile; fileRef = FFD8C4C72BD19F41001E8D42 /* MuscleGainAndExercisePerformance.swift */; };
		FFD8C4CA2BD1A031001E8D42 /* AllFocusAreas.swift in Sources */ = {isa = PBXBuildFile; fileRef = FFD8C4C92BD1A031001E8D42 /* AllFocusAreas.swift */; };
		FFD8C4CC2BD1A947001E8D42 /* FocusAreaView.swift in Sources */ = {isa = PBXBuildFile; fileRef = FFD8C4CB2BD1A947001E8D42 /* FocusAreaView.swift */; };
		FFD8C4CE2BD1A9DF001E8D42 /* FocusAreaCell.swift in Sources */ = {isa = PBXBuildFile; fileRef = FFD8C4CD2BD1A9DF001E8D42 /* FocusAreaCell.swift */; };
		FFD8C4D02BD1AB45001E8D42 /* SupplementView.swift in Sources */ = {isa = PBXBuildFile; fileRef = FFD8C4CF2BD1AB45001E8D42 /* SupplementView.swift */; };
		FFD8C4D32BD1AC5E001E8D42 /* AppUI in Frameworks */ = {isa = PBXBuildFile; productRef = FFD8C4D22BD1AC5E001E8D42 /* AppUI */; };
/* End PBXBuildFile section */

/* Begin PBXFileReference section */
		FF23333E2BD855ED007A5CBB /* Info.plist */ = {isa = PBXFileReference; lastKnownFileType = text.plist; path = Info.plist; sourceTree = "<group>"; };
		FF648BE22BDEA51200963820 /* View+RoundedBackground.swift */ = {isa = PBXFileReference; lastKnownFileType = sourcecode.swift; path = "View+RoundedBackground.swift"; sourceTree = "<group>"; };
		FF648BE42BDED7CD00963820 /* WheyProteinSupplement.swift */ = {isa = PBXFileReference; lastKnownFileType = sourcecode.swift; path = WheyProteinSupplement.swift; sourceTree = "<group>"; };
		FF648BE62BDED90C00963820 /* CarbohydratesSupplement.swift */ = {isa = PBXFileReference; lastKnownFileType = sourcecode.swift; path = CarbohydratesSupplement.swift; sourceTree = "<group>"; };
		FFACBAD92BAC7788006AAD0B /* Supplements.app */ = {isa = PBXFileReference; explicitFileType = wrapper.application; includeInIndex = 0; path = Supplements.app; sourceTree = BUILT_PRODUCTS_DIR; };
		FFACBADC2BAC7788006AAD0B /* SupplementsApp.swift */ = {isa = PBXFileReference; lastKnownFileType = sourcecode.swift; path = SupplementsApp.swift; sourceTree = "<group>"; };
		FFACBADE2BAC7788006AAD0B /* ContentView.swift */ = {isa = PBXFileReference; lastKnownFileType = sourcecode.swift; path = ContentView.swift; sourceTree = "<group>"; };
		FFACBAE02BAC778A006AAD0B /* Assets.xcassets */ = {isa = PBXFileReference; lastKnownFileType = folder.assetcatalog; path = Assets.xcassets; sourceTree = "<group>"; };
		FFACBAE32BAC778A006AAD0B /* Preview Assets.xcassets */ = {isa = PBXFileReference; lastKnownFileType = folder.assetcatalog; path = "Preview Assets.xcassets"; sourceTree = "<group>"; };
		FFD8C4BE2BD19C72001E8D42 /* SupplementModel.swift */ = {isa = PBXFileReference; lastKnownFileType = sourcecode.swift; path = SupplementModel.swift; sourceTree = "<group>"; };
		FFD8C4C12BD19D19001E8D42 /* CapsaicinSupplement.swift */ = {isa = PBXFileReference; lastKnownFileType = sourcecode.swift; path = CapsaicinSupplement.swift; sourceTree = "<group>"; };
		FFD8C4C32BD19E54001E8D42 /* FocusAreaModel.swift */ = {isa = PBXFileReference; lastKnownFileType = sourcecode.swift; path = FocusAreaModel.swift; sourceTree = "<group>"; };
		FFD8C4C72BD19F41001E8D42 /* MuscleGainAndExercisePerformance.swift */ = {isa = PBXFileReference; lastKnownFileType = sourcecode.swift; path = MuscleGainAndExercisePerformance.swift; sourceTree = "<group>"; };
		FFD8C4C92BD1A031001E8D42 /* AllFocusAreas.swift */ = {isa = PBXFileReference; lastKnownFileType = sourcecode.swift; path = AllFocusAreas.swift; sourceTree = "<group>"; };
		FFD8C4CB2BD1A947001E8D42 /* FocusAreaView.swift */ = {isa = PBXFileReference; lastKnownFileType = sourcecode.swift; path = FocusAreaView.swift; sourceTree = "<group>"; };
		FFD8C4CD2BD1A9DF001E8D42 /* FocusAreaCell.swift */ = {isa = PBXFileReference; lastKnownFileType = sourcecode.swift; path = FocusAreaCell.swift; sourceTree = "<group>"; };
		FFD8C4CF2BD1AB45001E8D42 /* SupplementView.swift */ = {isa = PBXFileReference; lastKnownFileType = sourcecode.swift; path = SupplementView.swift; sourceTree = "<group>"; };
/* End PBXFileReference section */

/* Begin PBXFrameworksBuildPhase section */
		FFACBAD62BAC7788006AAD0B /* Frameworks */ = {
			isa = PBXFrameworksBuildPhase;
			buildActionMask = 2147483647;
			files = (
				FFD8C4D32BD1AC5E001E8D42 /* AppUI in Frameworks */,
			);
			runOnlyForDeploymentPostprocessing = 0;
		};
/* End PBXFrameworksBuildPhase section */

/* Begin PBXGroup section */
		FF648BE12BDEA4F700963820 /* Extensions */ = {
			isa = PBXGroup;
			children = (
				FF648BE22BDEA51200963820 /* View+RoundedBackground.swift */,
			);
			path = Extensions;
			sourceTree = "<group>";
		};
		FFACBAD02BAC7788006AAD0B = {
			isa = PBXGroup;
			children = (
				FFACBADB2BAC7788006AAD0B /* Supplements */,
				FFACBADA2BAC7788006AAD0B /* Products */,
			);
			sourceTree = "<group>";
		};
		FFACBADA2BAC7788006AAD0B /* Products */ = {
			isa = PBXGroup;
			children = (
				FFACBAD92BAC7788006AAD0B /* Supplements.app */,
			);
			name = Products;
			sourceTree = "<group>";
		};
		FFACBADB2BAC7788006AAD0B /* Supplements */ = {
			isa = PBXGroup;
			children = (
				FF23333E2BD855ED007A5CBB /* Info.plist */,
				FFACBADC2BAC7788006AAD0B /* SupplementsApp.swift */,
				FFACBADE2BAC7788006AAD0B /* ContentView.swift */,
				FFD8C4CD2BD1A9DF001E8D42 /* FocusAreaCell.swift */,
				FFD8C4CB2BD1A947001E8D42 /* FocusAreaView.swift */,
				FFD8C4CF2BD1AB45001E8D42 /* SupplementView.swift */,
				FF648BE12BDEA4F700963820 /* Extensions */,
				FFD8C4BD2BD19C46001E8D42 /* Models */,
				FFD8C4C02BD19CFD001E8D42 /* Mock Data */,
				FFACBAE02BAC778A006AAD0B /* Assets.xcassets */,
				FFACBAE22BAC778A006AAD0B /* Preview Content */,
			);
			path = Supplements;
			sourceTree = "<group>";
		};
		FFACBAE22BAC778A006AAD0B /* Preview Content */ = {
			isa = PBXGroup;
			children = (
				FFACBAE32BAC778A006AAD0B /* Preview Assets.xcassets */,
			);
			path = "Preview Content";
			sourceTree = "<group>";
		};
		FFD8C4BD2BD19C46001E8D42 /* Models */ = {
			isa = PBXGroup;
			children = (
				FFD8C4C32BD19E54001E8D42 /* FocusAreaModel.swift */,
				FFD8C4BE2BD19C72001E8D42 /* SupplementModel.swift */,
			);
			path = Models;
			sourceTree = "<group>";
		};
		FFD8C4C02BD19CFD001E8D42 /* Mock Data */ = {
			isa = PBXGroup;
			children = (
				FFD8C4C52BD19F0E001E8D42 /* FocusAreas */,
				FFD8C4C62BD19F15001E8D42 /* Supplements */,
			);
			path = "Mock Data";
			sourceTree = "<group>";
		};
		FFD8C4C52BD19F0E001E8D42 /* FocusAreas */ = {
			isa = PBXGroup;
			children = (
				FFD8C4C92BD1A031001E8D42 /* AllFocusAreas.swift */,
				FFD8C4C72BD19F41001E8D42 /* MuscleGainAndExercisePerformance.swift */,
			);
			path = FocusAreas;
			sourceTree = "<group>";
		};
		FFD8C4C62BD19F15001E8D42 /* Supplements */ = {
			isa = PBXGroup;
			children = (
				FFD8C4C12BD19D19001E8D42 /* CapsaicinSupplement.swift */,
				FF648BE42BDED7CD00963820 /* WheyProteinSupplement.swift */,
				FF648BE62BDED90C00963820 /* CarbohydratesSupplement.swift */,
			);
			path = Supplements;
			sourceTree = "<group>";
		};
/* End PBXGroup section */

/* Begin PBXNativeTarget section */
		FFACBAD82BAC7788006AAD0B /* Supplements */ = {
			isa = PBXNativeTarget;
			buildConfigurationList = FFACBAE72BAC778A006AAD0B /* Build configuration list for PBXNativeTarget "Supplements" */;
			buildPhases = (
				FFACBAD52BAC7788006AAD0B /* Sources */,
				FFACBAD62BAC7788006AAD0B /* Frameworks */,
				FFACBAD72BAC7788006AAD0B /* Resources */,
			);
			buildRules = (
			);
			dependencies = (
			);
			name = Supplements;
			packageProductDependencies = (
				FFD8C4D22BD1AC5E001E8D42 /* AppUI */,
			);
			productName = Supplements;
			productReference = FFACBAD92BAC7788006AAD0B /* Supplements.app */;
			productType = "com.apple.product-type.application";
		};
/* End PBXNativeTarget section */

/* Begin PBXProject section */
		FFACBAD12BAC7788006AAD0B /* Project object */ = {
			isa = PBXProject;
			attributes = {
				BuildIndependentTargetsInParallel = 1;
				LastSwiftUpdateCheck = 1530;
				LastUpgradeCheck = 1530;
				TargetAttributes = {
					FFACBAD82BAC7788006AAD0B = {
						CreatedOnToolsVersion = 15.3;
					};
				};
			};
			buildConfigurationList = FFACBAD42BAC7788006AAD0B /* Build configuration list for PBXProject "Supplements" */;
			compatibilityVersion = "Xcode 14.0";
			developmentRegion = en;
			hasScannedForEncodings = 0;
			knownRegions = (
				en,
				Base,
			);
			mainGroup = FFACBAD02BAC7788006AAD0B;
			packageReferences = (
				FFD8C4D12BD1AC5E001E8D42 /* XCRemoteSwiftPackageReference "AppUI" */,
			);
			productRefGroup = FFACBADA2BAC7788006AAD0B /* Products */;
			projectDirPath = "";
			projectRoot = "";
			targets = (
				FFACBAD82BAC7788006AAD0B /* Supplements */,
			);
		};
/* End PBXProject section */

/* Begin PBXResourcesBuildPhase section */
		FFACBAD72BAC7788006AAD0B /* Resources */ = {
			isa = PBXResourcesBuildPhase;
			buildActionMask = 2147483647;
			files = (
				FFACBAE42BAC778A006AAD0B /* Preview Assets.xcassets in Resources */,
				FFACBAE12BAC778A006AAD0B /* Assets.xcassets in Resources */,
			);
			runOnlyForDeploymentPostprocessing = 0;
		};
/* End PBXResourcesBuildPhase section */

/* Begin PBXSourcesBuildPhase section */
		FFACBAD52BAC7788006AAD0B /* Sources */ = {
			isa = PBXSourcesBuildPhase;
			buildActionMask = 2147483647;
			files = (
				FFD8C4C82BD19F41001E8D42 /* MuscleGainAndExercisePerformance.swift in Sources */,
				FFD8C4CE2BD1A9DF001E8D42 /* FocusAreaCell.swift in Sources */,
				FFD8C4C22BD19D19001E8D42 /* CapsaicinSupplement.swift in Sources */,
				FF648BE32BDEA51200963820 /* View+RoundedBackground.swift in Sources */,
				FFD8C4CC2BD1A947001E8D42 /* FocusAreaView.swift in Sources */,
				FFD8C4BF2BD19C72001E8D42 /* SupplementModel.swift in Sources */,
				FFACBADF2BAC7788006AAD0B /* ContentView.swift in Sources */,
				FFD8C4C42BD19E54001E8D42 /* FocusAreaModel.swift in Sources */,
				FFD8C4CA2BD1A031001E8D42 /* AllFocusAreas.swift in Sources */,
				FF648BE52BDED7CD00963820 /* WheyProteinSupplement.swift in Sources */,
				FF648BE72BDED90C00963820 /* CarbohydratesSupplement.swift in Sources */,
				FFACBADD2BAC7788006AAD0B /* SupplementsApp.swift in Sources */,
				FFD8C4D02BD1AB45001E8D42 /* SupplementView.swift in Sources */,
			);
			runOnlyForDeploymentPostprocessing = 0;
		};
/* End PBXSourcesBuildPhase section */

/* Begin XCBuildConfiguration section */
		FFACBAE52BAC778A006AAD0B /* Debug */ = {
			isa = XCBuildConfiguration;
			buildSettings = {
				ALWAYS_SEARCH_USER_PATHS = NO;
				ASSETCATALOG_COMPILER_GENERATE_SWIFT_ASSET_SYMBOL_EXTENSIONS = YES;
				CLANG_ANALYZER_NONNULL = YES;
				CLANG_ANALYZER_NUMBER_OBJECT_CONVERSION = YES_AGGRESSIVE;
				CLANG_CXX_LANGUAGE_STANDARD = "gnu++20";
				CLANG_ENABLE_MODULES = YES;
				CLANG_ENABLE_OBJC_ARC = YES;
				CLANG_ENABLE_OBJC_WEAK = YES;
				CLANG_WARN_BLOCK_CAPTURE_AUTORELEASING = YES;
				CLANG_WARN_BOOL_CONVERSION = YES;
				CLANG_WARN_COMMA = YES;
				CLANG_WARN_CONSTANT_CONVERSION = YES;
				CLANG_WARN_DEPRECATED_OBJC_IMPLEMENTATIONS = YES;
				CLANG_WARN_DIRECT_OBJC_ISA_USAGE = YES_ERROR;
				CLANG_WARN_DOCUMENTATION_COMMENTS = YES;
				CLANG_WARN_EMPTY_BODY = YES;
				CLANG_WARN_ENUM_CONVERSION = YES;
				CLANG_WARN_INFINITE_RECURSION = YES;
				CLANG_WARN_INT_CONVERSION = YES;
				CLANG_WARN_NON_LITERAL_NULL_CONVERSION = YES;
				CLANG_WARN_OBJC_IMPLICIT_RETAIN_SELF = YES;
				CLANG_WARN_OBJC_LITERAL_CONVERSION = YES;
				CLANG_WARN_OBJC_ROOT_CLASS = YES_ERROR;
				CLANG_WARN_QUOTED_INCLUDE_IN_FRAMEWORK_HEADER = YES;
				CLANG_WARN_RANGE_LOOP_ANALYSIS = YES;
				CLANG_WARN_STRICT_PROTOTYPES = YES;
				CLANG_WARN_SUSPICIOUS_MOVE = YES;
				CLANG_WARN_UNGUARDED_AVAILABILITY = YES_AGGRESSIVE;
				CLANG_WARN_UNREACHABLE_CODE = YES;
				CLANG_WARN__DUPLICATE_METHOD_MATCH = YES;
				COPY_PHASE_STRIP = NO;
				DEBUG_INFORMATION_FORMAT = dwarf;
				ENABLE_STRICT_OBJC_MSGSEND = YES;
				ENABLE_TESTABILITY = YES;
				ENABLE_USER_SCRIPT_SANDBOXING = YES;
				GCC_C_LANGUAGE_STANDARD = gnu17;
				GCC_DYNAMIC_NO_PIC = NO;
				GCC_NO_COMMON_BLOCKS = YES;
				GCC_OPTIMIZATION_LEVEL = 0;
				GCC_PREPROCESSOR_DEFINITIONS = (
					"DEBUG=1",
					"$(inherited)",
				);
				GCC_WARN_64_TO_32_BIT_CONVERSION = YES;
				GCC_WARN_ABOUT_RETURN_TYPE = YES_ERROR;
				GCC_WARN_UNDECLARED_SELECTOR = YES;
				GCC_WARN_UNINITIALIZED_AUTOS = YES_AGGRESSIVE;
				GCC_WARN_UNUSED_FUNCTION = YES;
				GCC_WARN_UNUSED_VARIABLE = YES;
				IPHONEOS_DEPLOYMENT_TARGET = 17.4;
				LOCALIZATION_PREFERS_STRING_CATALOGS = YES;
				MTL_ENABLE_DEBUG_INFO = INCLUDE_SOURCE;
				MTL_FAST_MATH = YES;
				ONLY_ACTIVE_ARCH = YES;
				SDKROOT = iphoneos;
				SWIFT_ACTIVE_COMPILATION_CONDITIONS = "DEBUG $(inherited)";
				SWIFT_OPTIMIZATION_LEVEL = "-Onone";
			};
			name = Debug;
		};
		FFACBAE62BAC778A006AAD0B /* Release */ = {
			isa = XCBuildConfiguration;
			buildSettings = {
				ALWAYS_SEARCH_USER_PATHS = NO;
				ASSETCATALOG_COMPILER_GENERATE_SWIFT_ASSET_SYMBOL_EXTENSIONS = YES;
				CLANG_ANALYZER_NONNULL = YES;
				CLANG_ANALYZER_NUMBER_OBJECT_CONVERSION = YES_AGGRESSIVE;
				CLANG_CXX_LANGUAGE_STANDARD = "gnu++20";
				CLANG_ENABLE_MODULES = YES;
				CLANG_ENABLE_OBJC_ARC = YES;
				CLANG_ENABLE_OBJC_WEAK = YES;
				CLANG_WARN_BLOCK_CAPTURE_AUTORELEASING = YES;
				CLANG_WARN_BOOL_CONVERSION = YES;
				CLANG_WARN_COMMA = YES;
				CLANG_WARN_CONSTANT_CONVERSION = YES;
				CLANG_WARN_DEPRECATED_OBJC_IMPLEMENTATIONS = YES;
				CLANG_WARN_DIRECT_OBJC_ISA_USAGE = YES_ERROR;
				CLANG_WARN_DOCUMENTATION_COMMENTS = YES;
				CLANG_WARN_EMPTY_BODY = YES;
				CLANG_WARN_ENUM_CONVERSION = YES;
				CLANG_WARN_INFINITE_RECURSION = YES;
				CLANG_WARN_INT_CONVERSION = YES;
				CLANG_WARN_NON_LITERAL_NULL_CONVERSION = YES;
				CLANG_WARN_OBJC_IMPLICIT_RETAIN_SELF = YES;
				CLANG_WARN_OBJC_LITERAL_CONVERSION = YES;
				CLANG_WARN_OBJC_ROOT_CLASS = YES_ERROR;
				CLANG_WARN_QUOTED_INCLUDE_IN_FRAMEWORK_HEADER = YES;
				CLANG_WARN_RANGE_LOOP_ANALYSIS = YES;
				CLANG_WARN_STRICT_PROTOTYPES = YES;
				CLANG_WARN_SUSPICIOUS_MOVE = YES;
				CLANG_WARN_UNGUARDED_AVAILABILITY = YES_AGGRESSIVE;
				CLANG_WARN_UNREACHABLE_CODE = YES;
				CLANG_WARN__DUPLICATE_METHOD_MATCH = YES;
				COPY_PHASE_STRIP = NO;
				DEBUG_INFORMATION_FORMAT = "dwarf-with-dsym";
				ENABLE_NS_ASSERTIONS = NO;
				ENABLE_STRICT_OBJC_MSGSEND = YES;
				ENABLE_USER_SCRIPT_SANDBOXING = YES;
				GCC_C_LANGUAGE_STANDARD = gnu17;
				GCC_NO_COMMON_BLOCKS = YES;
				GCC_WARN_64_TO_32_BIT_CONVERSION = YES;
				GCC_WARN_ABOUT_RETURN_TYPE = YES_ERROR;
				GCC_WARN_UNDECLARED_SELECTOR = YES;
				GCC_WARN_UNINITIALIZED_AUTOS = YES_AGGRESSIVE;
				GCC_WARN_UNUSED_FUNCTION = YES;
				GCC_WARN_UNUSED_VARIABLE = YES;
				IPHONEOS_DEPLOYMENT_TARGET = 17.4;
				LOCALIZATION_PREFERS_STRING_CATALOGS = YES;
				MTL_ENABLE_DEBUG_INFO = NO;
				MTL_FAST_MATH = YES;
				SDKROOT = iphoneos;
				SWIFT_COMPILATION_MODE = wholemodule;
				VALIDATE_PRODUCT = YES;
			};
			name = Release;
		};
		FFACBAE82BAC778A006AAD0B /* Debug */ = {
			isa = XCBuildConfiguration;
			buildSettings = {
				ASSETCATALOG_COMPILER_APPICON_NAME = AppIcon;
				ASSETCATALOG_COMPILER_GLOBAL_ACCENT_COLOR_NAME = AccentColor;
				CODE_SIGN_STYLE = Automatic;
				CURRENT_PROJECT_VERSION = 1;
				DEVELOPMENT_ASSET_PATHS = "\"Supplements/Preview Content\"";
				DEVELOPMENT_TEAM = 538R2KUTXD;
				ENABLE_PREVIEWS = YES;
				GENERATE_INFOPLIST_FILE = YES;
				INFOPLIST_FILE = Supplements/Info.plist;
				INFOPLIST_KEY_CFBundleDisplayName = Vitadex;
				INFOPLIST_KEY_UIApplicationSceneManifest_Generation = YES;
				INFOPLIST_KEY_UIApplicationSupportsIndirectInputEvents = YES;
				INFOPLIST_KEY_UILaunchScreen_Generation = YES;
				INFOPLIST_KEY_UISupportedInterfaceOrientations_iPad = "UIInterfaceOrientationPortrait UIInterfaceOrientationPortraitUpsideDown UIInterfaceOrientationLandscapeLeft UIInterfaceOrientationLandscapeRight";
				INFOPLIST_KEY_UISupportedInterfaceOrientations_iPhone = "UIInterfaceOrientationPortrait UIInterfaceOrientationLandscapeLeft UIInterfaceOrientationLandscapeRight";
				IPHONEOS_DEPLOYMENT_TARGET = 17.0;
				LD_RUNPATH_SEARCH_PATHS = (
					"$(inherited)",
					"@executable_path/Frameworks",
				);
				MARKETING_VERSION = 1.0;
				PRODUCT_BUNDLE_IDENTIFIER = com.mdfprojects.Supplements;
				PRODUCT_NAME = "$(TARGET_NAME)";
				SWIFT_EMIT_LOC_STRINGS = YES;
				SWIFT_VERSION = 5.0;
				TARGETED_DEVICE_FAMILY = "1,2";
			};
			name = Debug;
		};
		FFACBAE92BAC778A006AAD0B /* Release */ = {
			isa = XCBuildConfiguration;
			buildSettings = {
				ASSETCATALOG_COMPILER_APPICON_NAME = AppIcon;
				ASSETCATALOG_COMPILER_GLOBAL_ACCENT_COLOR_NAME = AccentColor;
				CODE_SIGN_STYLE = Automatic;
				CURRENT_PROJECT_VERSION = 1;
				DEVELOPMENT_ASSET_PATHS = "\"Supplements/Preview Content\"";
				DEVELOPMENT_TEAM = 538R2KUTXD;
				ENABLE_PREVIEWS = YES;
				GENERATE_INFOPLIST_FILE = YES;
				INFOPLIST_FILE = Supplements/Info.plist;
				INFOPLIST_KEY_CFBundleDisplayName = Vitadex;
				INFOPLIST_KEY_UIApplicationSceneManifest_Generation = YES;
				INFOPLIST_KEY_UIApplicationSupportsIndirectInputEvents = YES;
				INFOPLIST_KEY_UILaunchScreen_Generation = YES;
				INFOPLIST_KEY_UISupportedInterfaceOrientations_iPad = "UIInterfaceOrientationPortrait UIInterfaceOrientationPortraitUpsideDown UIInterfaceOrientationLandscapeLeft UIInterfaceOrientationLandscapeRight";
				INFOPLIST_KEY_UISupportedInterfaceOrientations_iPhone = "UIInterfaceOrientationPortrait UIInterfaceOrientationLandscapeLeft UIInterfaceOrientationLandscapeRight";
				IPHONEOS_DEPLOYMENT_TARGET = 17.0;
				LD_RUNPATH_SEARCH_PATHS = (
					"$(inherited)",
					"@executable_path/Frameworks",
				);
				MARKETING_VERSION = 1.0;
				PRODUCT_BUNDLE_IDENTIFIER = com.mdfprojects.Supplements;
				PRODUCT_NAME = "$(TARGET_NAME)";
				SWIFT_EMIT_LOC_STRINGS = YES;
				SWIFT_VERSION = 5.0;
				TARGETED_DEVICE_FAMILY = "1,2";
			};
			name = Release;
		};
/* End XCBuildConfiguration section */

/* Begin XCConfigurationList section */
		FFACBAD42BAC7788006AAD0B /* Build configuration list for PBXProject "Supplements" */ = {
			isa = XCConfigurationList;
			buildConfigurations = (
				FFACBAE52BAC778A006AAD0B /* Debug */,
				FFACBAE62BAC778A006AAD0B /* Release */,
			);
			defaultConfigurationIsVisible = 0;
			defaultConfigurationName = Release;
		};
		FFACBAE72BAC778A006AAD0B /* Build configuration list for PBXNativeTarget "Supplements" */ = {
			isa = XCConfigurationList;
			buildConfigurations = (
				FFACBAE82BAC778A006AAD0B /* Debug */,
				FFACBAE92BAC778A006AAD0B /* Release */,
			);
			defaultConfigurationIsVisible = 0;
			defaultConfigurationName = Release;
		};
/* End XCConfigurationList section */

/* Begin XCRemoteSwiftPackageReference section */
		FFD8C4D12BD1AC5E001E8D42 /* XCRemoteSwiftPackageReference "AppUI" */ = {
			isa = XCRemoteSwiftPackageReference;
			repositoryURL = "https://github.com/mpdifran/AppUI";
			requirement = {
				kind = upToNextMajorVersion;
				minimumVersion = 0.4.2;
			};
		};
/* End XCRemoteSwiftPackageReference section */

/* Begin XCSwiftPackageProductDependency section */
		FFD8C4D22BD1AC5E001E8D42 /* AppUI */ = {
			isa = XCSwiftPackageProductDependency;
			package = FFD8C4D12BD1AC5E001E8D42 /* XCRemoteSwiftPackageReference "AppUI" */;
			productName = AppUI;
		};
/* End XCSwiftPackageProductDependency section */
	};
	rootObject = FFACBAD12BAC7788006AAD0B /* Project object */;
}
