{
  "originHash" : "8a4104ebeb1d57b386ac3221db2612d96e27f73b4f9d5774e9ecb852961f4a3a",
  "pins" : [
    {
      "identity" : "appfoundations",
      "kind" : "remoteSourceControl",
      "location" : "https://github.com/mpdifran/AppFoundations.git",
      "state" : {
        "revision" : "230bcbf685e68c053a3882a2a11d71796ff87666",
        "version" : "0.1.5"
      }
    },
    {
      "identity" : "appui",
      "kind" : "remoteSourceControl",
      "location" : "https://github.com/mpdifran/AppUI",
      "state" : {
        "revision" : "0585437721b5399697cd0e57d7f2bf95268031bb",
        "version" : "0.4.2"
      }
    }
  ],
  "version" : 3
}
