// !$*UTF8*$!
{
	archiveVersion = 1;
	classes = {
	};
	objectVersion = 77;
	objects = {

/* Begin PBXBuildFile section */
		4B9A93452CFE95B6005FBD2C /* AppUI in Frameworks */ = {isa = PBXBuildFile; productRef = 4B9A93442CFE95B6005FBD2C /* AppUI */; };
		4BF81F2A2D2F5C06008D3EEA /* AdminBloomModel in Frameworks */ = {isa = PBXBuildFile; productRef = 4BF81F292D2F5C06008D3EEA /* AdminBloomModel */; };
		FF5D0CB72CFA451D00374F66 /* BloomModel in Frameworks */ = {isa = PBXBuildFile; productRef = FF5D0CB62CFA451D00374F66 /* BloomModel */; };
		FFA2C4B32D419A970023401D /* Valet in Frameworks */ = {isa = PBXBuildFile; productRef = FFA2C4B22D419A970023401D /* Valet */; };
		FFC3F7AF2E2E72BD0077F088 /* Bugsnag in Frameworks */ = {isa = PBXBuildFile; productRef = FFC3F7AE2E2E72BD0077F088 /* Bugsnag */; };
		FFC3F7B12E2E72BD0077F088 /* BugsnagNetworkRequestPlugin in Frameworks */ = {isa = PBXBuildFile; productRef = FFC3F7B02E2E72BD0077F088 /* BugsnagNetworkRequestPlugin */; };
/* End PBXBuildFile section */

/* Begin PBXFileReference section */
		FF5D0C9A2CFA426500374F66 /* Gardener.app */ = {isa = PBXFileReference; explicitFileType = wrapper.application; includeInIndex = 0; path = Gardener.app; sourceTree = BUILT_PRODUCTS_DIR; };
/* End PBXFileReference section */

/* Begin PBXFileSystemSynchronizedBuildFileExceptionSet section */
		FF05115E2CFFA71000A2E8C2 /* Exceptions for "Gardener" folder in "Gardener" target */ = {
			isa = PBXFileSystemSynchronizedBuildFileExceptionSet;
			membershipExceptions = (
				Info.plist,
			);
			target = FF5D0C992CFA426500374F66 /* Gardener */;
		};
/* End PBXFileSystemSynchronizedBuildFileExceptionSet section */

/* Begin PBXFileSystemSynchronizedRootGroup section */
		FF5D0C9C2CFA426500374F66 /* Gardener */ = {
			isa = PBXFileSystemSynchronizedRootGroup;
			exceptions = (
				FF05115E2CFFA71000A2E8C2 /* Exceptions for "Gardener" folder in "Gardener" target */,
			);
			path = Gardener;
			sourceTree = "<group>";
		};
		FFADE4822D4298C1004FBF2B /* fastlane */ = {
			isa = PBXFileSystemSynchronizedRootGroup;
			name = fastlane;
			path = ../../fastlane;
			sourceTree = SOURCE_ROOT;
		};
/* End PBXFileSystemSynchronizedRootGroup section */

/* Begin PBXFrameworksBuildPhase section */
		FF5D0C972CFA426500374F66 /* Frameworks */ = {
			isa = PBXFrameworksBuildPhase;
			buildActionMask = 2147483647;
			files = (
				4B9A93452CFE95B6005FBD2C /* AppUI in Frameworks */,
				FFA2C4B32D419A970023401D /* Valet in Frameworks */,
				FFC3F7AF2E2E72BD0077F088 /* Bugsnag in Frameworks */,
				FF5D0CB72CFA451D00374F66 /* BloomModel in Frameworks */,
				FFC3F7B12E2E72BD0077F088 /* BugsnagNetworkRequestPlugin in Frameworks */,
				4BF81F2A2D2F5C06008D3EEA /* AdminBloomModel in Frameworks */,
			);
			runOnlyForDeploymentPostprocessing = 0;
		};
/* End PBXFrameworksBuildPhase section */

/* Begin PBXGroup section */
		FF5D0C912CFA426500374F66 = {
			isa = PBXGroup;
			children = (
				FFADE4822D4298C1004FBF2B /* fastlane */,
				FF5D0C9C2CFA426500374F66 /* Gardener */,
				FF5D0C9B2CFA426500374F66 /* Products */,
			);
			sourceTree = "<group>";
		};
		FF5D0C9B2CFA426500374F66 /* Products */ = {
			isa = PBXGroup;
			children = (
				FF5D0C9A2CFA426500374F66 /* Gardener.app */,
			);
			name = Products;
			sourceTree = "<group>";
		};
/* End PBXGroup section */

/* Begin PBXNativeTarget section */
		FF5D0C992CFA426500374F66 /* Gardener */ = {
			isa = PBXNativeTarget;
			buildConfigurationList = FF5D0CA92CFA426600374F66 /* Build configuration list for PBXNativeTarget "Gardener" */;
			buildPhases = (
				FF5D0C962CFA426500374F66 /* Sources */,
				FF5D0C972CFA426500374F66 /* Frameworks */,
				FF5D0C982CFA426500374F66 /* Resources */,
			);
			buildRules = (
			);
			dependencies = (
			);
			fileSystemSynchronizedGroups = (
				FF5D0C9C2CFA426500374F66 /* Gardener */,
				FFADE4822D4298C1004FBF2B /* fastlane */,
			);
			name = Gardener;
			packageProductDependencies = (
				FF5D0CB62CFA451D00374F66 /* BloomModel */,
				4B9A93442CFE95B6005FBD2C /* AppUI */,
				4BF81F292D2F5C06008D3EEA /* AdminBloomModel */,
				FFA2C4B22D419A970023401D /* Valet */,
				FFC3F7AE2E2E72BD0077F088 /* Bugsnag */,
				FFC3F7B02E2E72BD0077F088 /* BugsnagNetworkRequestPlugin */,
			);
			productName = Gardener;
			productReference = FF5D0C9A2CFA426500374F66 /* Gardener.app */;
			productType = "com.apple.product-type.application";
		};
/* End PBXNativeTarget section */

/* Begin PBXProject section */
		FF5D0C922CFA426500374F66 /* Project object */ = {
			isa = PBXProject;
			attributes = {
				BuildIndependentTargetsInParallel = 1;
				LastSwiftUpdateCheck = 1610;
				LastUpgradeCheck = 2620;
				TargetAttributes = {
					FF5D0C992CFA426500374F66 = {
						CreatedOnToolsVersion = 16.1;
					};
				};
			};
			buildConfigurationList = FF5D0C952CFA426500374F66 /* Build configuration list for PBXProject "Gardener" */;
			developmentRegion = en;
			hasScannedForEncodings = 0;
			knownRegions = (
				en,
				Base,
			);
			mainGroup = FF5D0C912CFA426500374F66;
			minimizedProjectReferenceProxies = 1;
			packageReferences = (
				FF5D0CB52CFA451D00374F66 /* XCLocalSwiftPackageReference "../../Shared/BloomModel" */,
				4B9A93432CFE95B6005FBD2C /* XCRemoteSwiftPackageReference "AppUI" */,
				4BF81F282D2F5C06008D3EEA /* XCLocalSwiftPackageReference "../../Shared/AdminBloomModel" */,
				FFA2C4B12D419A970023401D /* XCRemoteSwiftPackageReference "Valet" */,
				FFC3F7AD2E2E72BD0077F088 /* XCRemoteSwiftPackageReference "bugsnag-cocoa" */,
			);
			preferredProjectObjectVersion = 77;
			productRefGroup = FF5D0C9B2CFA426500374F66 /* Products */;
			projectDirPath = "";
			projectRoot = "";
			targets = (
				FF5D0C992CFA426500374F66 /* Gardener */,
			);
		};
/* End PBXProject section */

/* Begin PBXResourcesBuildPhase section */
		FF5D0C982CFA426500374F66 /* Resources */ = {
			isa = PBXResourcesBuildPhase;
			buildActionMask = 2147483647;
			files = (
			);
			runOnlyForDeploymentPostprocessing = 0;
		};
/* End PBXResourcesBuildPhase section */

/* Begin PBXSourcesBuildPhase section */
		FF5D0C962CFA426500374F66 /* Sources */ = {
			isa = PBXSourcesBuildPhase;
			buildActionMask = 2147483647;
			files = (
			);
			runOnlyForDeploymentPostprocessing = 0;
		};
/* End PBXSourcesBuildPhase section */

/* Begin XCBuildConfiguration section */
		FF5D0CA72CFA426600374F66 /* Debug */ = {
			isa = XCBuildConfiguration;
			buildSettings = {
				ALWAYS_SEARCH_USER_PATHS = NO;
				ASSETCATALOG_COMPILER_GENERATE_SWIFT_ASSET_SYMBOL_EXTENSIONS = YES;
				CLANG_ANALYZER_NONNULL = YES;
				CLANG_ANALYZER_NUMBER_OBJECT_CONVERSION = YES_AGGRESSIVE;
				CLANG_CXX_LANGUAGE_STANDARD = "gnu++20";
				CLANG_ENABLE_MODULES = YES;
				CLANG_ENABLE_OBJC_ARC = YES;
				CLANG_ENABLE_OBJC_WEAK = YES;
				CLANG_WARN_BLOCK_CAPTURE_AUTORELEASING = YES;
				CLANG_WARN_BOOL_CONVERSION = YES;
				CLANG_WARN_COMMA = YES;
				CLANG_WARN_CONSTANT_CONVERSION = YES;
				CLANG_WARN_DEPRECATED_OBJC_IMPLEMENTATIONS = YES;
				CLANG_WARN_DIRECT_OBJC_ISA_USAGE = YES_ERROR;
				CLANG_WARN_DOCUMENTATION_COMMENTS = YES;
				CLANG_WARN_EMPTY_BODY = YES;
				CLANG_WARN_ENUM_CONVERSION = YES;
				CLANG_WARN_INFINITE_RECURSION = YES;
				CLANG_WARN_INT_CONVERSION = YES;
				CLANG_WARN_NON_LITERAL_NULL_CONVERSION = YES;
				CLANG_WARN_OBJC_IMPLICIT_RETAIN_SELF = YES;
				CLANG_WARN_OBJC_LITERAL_CONVERSION = YES;
				CLANG_WARN_OBJC_ROOT_CLASS = YES_ERROR;
				CLANG_WARN_QUOTED_INCLUDE_IN_FRAMEWORK_HEADER = YES;
				CLANG_WARN_RANGE_LOOP_ANALYSIS = YES;
				CLANG_WARN_STRICT_PROTOTYPES = YES;
				CLANG_WARN_SUSPICIOUS_MOVE = YES;
				CLANG_WARN_UNGUARDED_AVAILABILITY = YES_AGGRESSIVE;
				CLANG_WARN_UNREACHABLE_CODE = YES;
				CLANG_WARN__DUPLICATE_METHOD_MATCH = YES;
				COPY_PHASE_STRIP = NO;
				DEAD_CODE_STRIPPING = YES;
				DEBUG_INFORMATION_FORMAT = dwarf;
				ENABLE_STRICT_OBJC_MSGSEND = YES;
				ENABLE_TESTABILITY = YES;
				ENABLE_USER_SCRIPT_SANDBOXING = YES;
				GCC_C_LANGUAGE_STANDARD = gnu17;
				GCC_DYNAMIC_NO_PIC = NO;
				GCC_NO_COMMON_BLOCKS = YES;
				GCC_OPTIMIZATION_LEVEL = 0;
				GCC_PREPROCESSOR_DEFINITIONS = (
					"DEBUG=1",
					"$(inherited)",
				);
				GCC_WARN_64_TO_32_BIT_CONVERSION = YES;
				GCC_WARN_ABOUT_RETURN_TYPE = YES_ERROR;
				GCC_WARN_UNDECLARED_SELECTOR = YES;
				GCC_WARN_UNINITIALIZED_AUTOS = YES_AGGRESSIVE;
				GCC_WARN_UNUSED_FUNCTION = YES;
				GCC_WARN_UNUSED_VARIABLE = YES;
				LOCALIZATION_PREFERS_STRING_CATALOGS = YES;
				MACOSX_DEPLOYMENT_TARGET = 15.1;
				MTL_ENABLE_DEBUG_INFO = INCLUDE_SOURCE;
				MTL_FAST_MATH = YES;
				ONLY_ACTIVE_ARCH = YES;
				SDKROOT = macosx;
				STRING_CATALOG_GENERATE_SYMBOLS = YES;
				SWIFT_ACTIVE_COMPILATION_CONDITIONS = "DEBUG $(inherited)";
				SWIFT_OPTIMIZATION_LEVEL = "-Onone";
			};
			name = Debug;
		};
		FF5D0CA82CFA426600374F66 /* Release */ = {
			isa = XCBuildConfiguration;
			buildSettings = {
				ALWAYS_SEARCH_USER_PATHS = NO;
				ASSETCATALOG_COMPILER_GENERATE_SWIFT_ASSET_SYMBOL_EXTENSIONS = YES;
				CLANG_ANALYZER_NONNULL = YES;
				CLANG_ANALYZER_NUMBER_OBJECT_CONVERSION = YES_AGGRESSIVE;
				CLANG_CXX_LANGUAGE_STANDARD = "gnu++20";
				CLANG_ENABLE_MODULES = YES;
				CLANG_ENABLE_OBJC_ARC = YES;
				CLANG_ENABLE_OBJC_WEAK = YES;
				CLANG_WARN_BLOCK_CAPTURE_AUTORELEASING = YES;
				CLANG_WARN_BOOL_CONVERSION = YES;
				CLANG_WARN_COMMA = YES;
				CLANG_WARN_CONSTANT_CONVERSION = YES;
				CLANG_WARN_DEPRECATED_OBJC_IMPLEMENTATIONS = YES;
				CLANG_WARN_DIRECT_OBJC_ISA_USAGE = YES_ERROR;
				CLANG_WARN_DOCUMENTATION_COMMENTS = YES;
				CLANG_WARN_EMPTY_BODY = YES;
				CLANG_WARN_ENUM_CONVERSION = YES;
				CLANG_WARN_INFINITE_RECURSION = YES;
				CLANG_WARN_INT_CONVERSION = YES;
				CLANG_WARN_NON_LITERAL_NULL_CONVERSION = YES;
				CLANG_WARN_OBJC_IMPLICIT_RETAIN_SELF = YES;
				CLANG_WARN_OBJC_LITERAL_CONVERSION = YES;
				CLANG_WARN_OBJC_ROOT_CLASS = YES_ERROR;
				CLANG_WARN_QUOTED_INCLUDE_IN_FRAMEWORK_HEADER = YES;
				CLANG_WARN_RANGE_LOOP_ANALYSIS = YES;
				CLANG_WARN_STRICT_PROTOTYPES = YES;
				CLANG_WARN_SUSPICIOUS_MOVE = YES;
				CLANG_WARN_UNGUARDED_AVAILABILITY = YES_AGGRESSIVE;
				CLANG_WARN_UNREACHABLE_CODE = YES;
				CLANG_WARN__DUPLICATE_METHOD_MATCH = YES;
				COPY_PHASE_STRIP = NO;
				DEAD_CODE_STRIPPING = YES;
				DEBUG_INFORMATION_FORMAT = "dwarf-with-dsym";
				ENABLE_NS_ASSERTIONS = NO;
				ENABLE_STRICT_OBJC_MSGSEND = YES;
				ENABLE_USER_SCRIPT_SANDBOXING = YES;
				GCC_C_LANGUAGE_STANDARD = gnu17;
				GCC_NO_COMMON_BLOCKS = YES;
				GCC_WARN_64_TO_32_BIT_CONVERSION = YES;
				GCC_WARN_ABOUT_RETURN_TYPE = YES_ERROR;
				GCC_WARN_UNDECLARED_SELECTOR = YES;
				GCC_WARN_UNINITIALIZED_AUTOS = YES_AGGRESSIVE;
				GCC_WARN_UNUSED_FUNCTION = YES;
				GCC_WARN_UNUSED_VARIABLE = YES;
				LOCALIZATION_PREFERS_STRING_CATALOGS = YES;
				MACOSX_DEPLOYMENT_TARGET = 15.1;
				MTL_ENABLE_DEBUG_INFO = NO;
				MTL_FAST_MATH = YES;
				SDKROOT = macosx;
				STRING_CATALOG_GENERATE_SYMBOLS = YES;
				SWIFT_COMPILATION_MODE = wholemodule;
			};
			name = Release;
		};
		FF5D0CAA2CFA426600374F66 /* Debug */ = {
			isa = XCBuildConfiguration;
			buildSettings = {
				ASSETCATALOG_COMPILER_APPICON_NAME = AppIcon;
				ASSETCATALOG_COMPILER_GLOBAL_ACCENT_COLOR_NAME = AccentColor;
				CODE_SIGN_ENTITLEMENTS = Gardener/Gardener.entitlements;
				"CODE_SIGN_IDENTITY[sdk=macosx*]" = "Mac Developer";
				CODE_SIGN_STYLE = Manual;
				COMBINE_HIDPI_IMAGES = YES;
				CURRENT_PROJECT_VERSION = 1;
				DEAD_CODE_STRIPPING = YES;
				DEVELOPMENT_ASSET_PATHS = "\"Gardener/Preview Content\"";
				DEVELOPMENT_TEAM = "";
				"DEVELOPMENT_TEAM[sdk=macosx*]" = GUJ47GUV2Q;
				ENABLE_APP_SANDBOX = YES;
				ENABLE_HARDENED_RUNTIME = YES;
				ENABLE_OUTGOING_NETWORK_CONNECTIONS = YES;
				ENABLE_PREVIEWS = YES;
				ENABLE_USER_SELECTED_FILES = readwrite;
				GENERATE_INFOPLIST_FILE = YES;
				INFOPLIST_FILE = Gardener/Info.plist;
				INFOPLIST_KEY_CFBundleDisplayName = Gardener;
				INFOPLIST_KEY_LSApplicationCategoryType = "public.app-category.developer-tools";
				INFOPLIST_KEY_NSHumanReadableCopyright = "";
				LD_RUNPATH_SEARCH_PATHS = (
					"$(inherited)",
					"@executable_path/../Frameworks",
				);
				MACOSX_DEPLOYMENT_TARGET = 14.0;
				MARKETING_VERSION = 1.0;
				PRODUCT_BUNDLE_IDENTIFIER = "com.lotus-labs.gardener";
				PRODUCT_NAME = "$(TARGET_NAME)";
				PROVISIONING_PROFILE_SPECIFIER = "";
				"PROVISIONING_PROFILE_SPECIFIER[sdk=macosx*]" = "match Development com.lotus-labs.gardener macos";
				SWIFT_EMIT_LOC_STRINGS = YES;
				SWIFT_VERSION = 5.0;
			};
			name = Debug;
		};
		FF5D0CAB2CFA426600374F66 /* Release */ = {
			isa = XCBuildConfiguration;
			buildSettings = {
				ASSETCATALOG_COMPILER_APPICON_NAME = AppIcon;
				ASSETCATALOG_COMPILER_GLOBAL_ACCENT_COLOR_NAME = AccentColor;
				CODE_SIGN_ENTITLEMENTS = Gardener/Gardener.entitlements;
				"CODE_SIGN_IDENTITY[sdk=macosx*]" = "Mac Developer";
				CODE_SIGN_STYLE = Manual;
				COMBINE_HIDPI_IMAGES = YES;
				CURRENT_PROJECT_VERSION = 1;
				DEAD_CODE_STRIPPING = YES;
				DEVELOPMENT_ASSET_PATHS = "\"Gardener/Preview Content\"";
				DEVELOPMENT_TEAM = "";
				"DEVELOPMENT_TEAM[sdk=macosx*]" = GUJ47GUV2Q;
				ENABLE_APP_SANDBOX = YES;
				ENABLE_HARDENED_RUNTIME = YES;
				ENABLE_OUTGOING_NETWORK_CONNECTIONS = YES;
				ENABLE_PREVIEWS = YES;
				ENABLE_USER_SELECTED_FILES = readwrite;
				GENERATE_INFOPLIST_FILE = YES;
				INFOPLIST_FILE = Gardener/Info.plist;
				INFOPLIST_KEY_CFBundleDisplayName = Gardener;
				INFOPLIST_KEY_LSApplicationCategoryType = "public.app-category.developer-tools";
				INFOPLIST_KEY_NSHumanReadableCopyright = "";
				LD_RUNPATH_SEARCH_PATHS = (
					"$(inherited)",
					"@executable_path/../Frameworks",
				);
				MACOSX_DEPLOYMENT_TARGET = 14.0;
				MARKETING_VERSION = 1.0;
				PRODUCT_BUNDLE_IDENTIFIER = "com.lotus-labs.gardener";
				PRODUCT_NAME = "$(TARGET_NAME)";
				PROVISIONING_PROFILE_SPECIFIER = "";
				"PROVISIONING_PROFILE_SPECIFIER[sdk=macosx*]" = "match Development com.lotus-labs.gardener macos";
				SWIFT_EMIT_LOC_STRINGS = YES;
				SWIFT_VERSION = 5.0;
			};
			name = Release;
		};
/* End XCBuildConfiguration section */

/* Begin XCConfigurationList section */
		FF5D0C952CFA426500374F66 /* Build configuration list for PBXProject "Gardener" */ = {
			isa = XCConfigurationList;
			buildConfigurations = (
				FF5D0CA72CFA426600374F66 /* Debug */,
				FF5D0CA82CFA426600374F66 /* Release */,
			);
			defaultConfigurationIsVisible = 0;
			defaultConfigurationName = Release;
		};
		FF5D0CA92CFA426600374F66 /* Build configuration list for PBXNativeTarget "Gardener" */ = {
			isa = XCConfigurationList;
			buildConfigurations = (
				FF5D0CAA2CFA426600374F66 /* Debug */,
				FF5D0CAB2CFA426600374F66 /* Release */,
			);
			defaultConfigurationIsVisible = 0;
			defaultConfigurationName = Release;
		};
/* End XCConfigurationList section */

/* Begin XCLocalSwiftPackageReference section */
		4BF81F282D2F5C06008D3EEA /* XCLocalSwiftPackageReference "../../Shared/AdminBloomModel" */ = {
			isa = XCLocalSwiftPackageReference;
			relativePath = ../../Shared/AdminBloomModel;
		};
		FF5D0CB52CFA451D00374F66 /* XCLocalSwiftPackageReference "../../Shared/BloomModel" */ = {
			isa = XCLocalSwiftPackageReference;
			relativePath = ../../Shared/BloomModel;
		};
/* End XCLocalSwiftPackageReference section */

/* Begin XCRemoteSwiftPackageReference section */
		4B9A93432CFE95B6005FBD2C /* XCRemoteSwiftPackageReference "AppUI" */ = {
			isa = XCRemoteSwiftPackageReference;
			repositoryURL = "https://github.com/mpdifran/AppUI";
			requirement = {
				kind = upToNextMajorVersion;
				minimumVersion = 2.0.0;
			};
		};
		FFA2C4B12D419A970023401D /* XCRemoteSwiftPackageReference "Valet" */ = {
			isa = XCRemoteSwiftPackageReference;
			repositoryURL = "https://github.com/Square/Valet";
			requirement = {
				kind = upToNextMajorVersion;
				minimumVersion = 5.0.0;
			};
		};
		FFC3F7AD2E2E72BD0077F088 /* XCRemoteSwiftPackageReference "bugsnag-cocoa" */ = {
			isa = XCRemoteSwiftPackageReference;
			repositoryURL = "https://github.com/bugsnag/bugsnag-cocoa";
			requirement = {
				kind = upToNextMajorVersion;
				minimumVersion = 6.32.2;
			};
		};
/* End XCRemoteSwiftPackageReference section */

/* Begin XCSwiftPackageProductDependency section */
		4B9A93442CFE95B6005FBD2C /* AppUI */ = {
			isa = XCSwiftPackageProductDependency;
			package = 4B9A93432CFE95B6005FBD2C /* XCRemoteSwiftPackageReference "AppUI" */;
			productName = AppUI;
		};
		4BF81F292D2F5C06008D3EEA /* AdminBloomModel */ = {
			isa = XCSwiftPackageProductDependency;
			productName = AdminBloomModel;
		};
		FF5D0CB62CFA451D00374F66 /* BloomModel */ = {
			isa = XCSwiftPackageProductDependency;
			productName = BloomModel;
		};
		FFA2C4B22D419A970023401D /* Valet */ = {
			isa = XCSwiftPackageProductDependency;
			package = FFA2C4B12D419A970023401D /* XCRemoteSwiftPackageReference "Valet" */;
			productName = Valet;
		};
		FFC3F7AE2E2E72BD0077F088 /* Bugsnag */ = {
			isa = XCSwiftPackageProductDependency;
			package = FFC3F7AD2E2E72BD0077F088 /* XCRemoteSwiftPackageReference "bugsnag-cocoa" */;
			productName = Bugsnag;
		};
		FFC3F7B02E2E72BD0077F088 /* BugsnagNetworkRequestPlugin */ = {
			isa = XCSwiftPackageProductDependency;
			package = FFC3F7AD2E2E72BD0077F088 /* XCRemoteSwiftPackageReference "bugsnag-cocoa" */;
			productName = BugsnagNetworkRequestPlugin;
		};
/* End XCSwiftPackageProductDependency section */
	};
	rootObject = FF5D0C922CFA426500374F66 /* Project object */;
}
