{
  "originHash" : "0643140230d9bf22a4f515d71ed0bb80c38b209dc67cbc0ad7852bcb7859e00e",
  "pins" : [
    {
      "identity" : "appfoundations",
      "kind" : "remoteSourceControl",
      "location" : "https://github.com/mpdifran/AppFoundations.git",
      "state" : {
        "revision" : "230bcbf685e68c053a3882a2a11d71796ff87666",
        "version" : "0.1.5"
      }
    },
    {
      "identity" : "appui",
      "kind" : "remoteSourceControl",
      "location" : "https://github.com/mpdifran/AppUI",
      "state" : {
        "revision" : "514e3ee48b4ffc1a4bb314dc563f8d9406761ba3",
        "version" : "0.5.5"
      }
    },
    {
      "identity" : "bugsnag-cocoa",
      "kind" : "remoteSourceControl",
      "location" : "https://github.com/bugsnag/bugsnag-cocoa",
      "state" : {
        "revision" : "b29cdabec2f0d396a6a80ca1cfe7ee0bfdf04992",
        "version" : "6.30.1"
      }
    },
    {
      "identity" : "bugsnag-cocoa-performance",
      "kind" : "remoteSourceControl",
      "location" : "https://github.com/bugsnag/bugsnag-cocoa-performance",
      "state" : {
        "revision" : "d077f7665e282a52c6446e836c87d57e254a54f8",
        "version" : "1.10.0"
      }
    },
    {
      "identity" : "confettiswiftui",
      "kind" : "remoteSourceControl",
      "location" : "https://github.com/simibac/ConfettiSwiftUI",
      "state" : {
        "revision" : "f45961f97bbae6fff6e2e64546fea0189425ad92",
        "version" : "1.1.0"
      }
    },
    {
      "identity" : "statkit",
      "kind" : "remoteSourceControl",
      "location" : "https://github.com/JimmyMAndersson/StatKit.git",
      "state" : {
        "revision" : "ba1e0650f4270c3b3783f048b9ba17268296ee68",
        "version" : "0.6.1"
      }
    },
    {
      "identity" : "swift-algorithms",
      "kind" : "remoteSourceControl",
      "location" : "https://github.com/apple/swift-algorithms.git",
      "state" : {
        "revision" : "f6919dfc309e7f1b56224378b11e28bab5bccc42",
        "version" : "1.2.0"
      }
    },
    {
      "identity" : "swift-numerics",
      "kind" : "remoteSourceControl",
      "location" : "https://github.com/apple/swift-numerics.git",
      "state" : {
        "revision" : "0a5bc04095a675662cf24757cc0640aa2204253b",
        "version" : "1.0.2"
      }
    },
    {
      "identity" : "swiftsdk",
      "kind" : "remoteSourceControl",
      "location" : "https://github.com/TelemetryDeck/SwiftSDK.git",
      "state" : {
        "revision" : "11072df81e1f00caa8ac24180d8796264c1e15d2",
        "version" : "2.4.0"
      }
    }
  ],
  "version" : 3
}
